
Microsoft Visual Studio Solution File, Format Version 12.00
# Visual Studio 2012
Project("{FAE04EC0-301F-11D3-BF4B-00C04F79EFBC}") = "Web", "Web\Web.csproj", "{0119B8ED-C67F-43D2-AB9A-573C702A3B2C}"
EndProject
Project("{FAE04EC0-301F-11D3-BF4B-00C04F79EFBC}") = "Web.Tests", "Web.Tests\Web.Tests.csproj", "{979B765B-A355-4F81-936D-4F516297710E}"
EndProject
Project("{FAE04EC0-301F-11D3-BF4B-00C04F79EFBC}") = "Domain", "Dominio\Domain.csproj", "{A1654E57-228B-4539-B36F-11EB5B4011E6}"
EndProject
Project("{FAE04EC0-301F-11D3-BF4B-00C04F79EFBC}") = "Repositorio", "Repositorio\Repositorio.csproj", "{5FA39174-05CE-4E82-920A-3CB83CDCD5CE}"
EndProject
Project("{FAE04EC0-301F-11D3-BF4B-00C04F79EFBC}") = "DAO", "DAO\DAO.csproj", "{2B9EE37B-A15C-4870-9F44-1AAA4E1398EC}"
EndProject
Project("{FAE04EC0-301F-11D3-BF4B-00C04F79EFBC}") = "Repostorio.Test", "Repostorio.Test\Repostorio.Test.csproj", "{2476696D-795F-4E77-B4EE-AADFD8E8E06E}"
EndProject
Project("{FAE04EC0-301F-11D3-BF4B-00C04F79EFBC}") = "Utils", "Utils\Utils.csproj", "{20AA5C70-D2C7-4217-9B09-9400DB86CF82}"
EndProject
Project("{FAE04EC0-301F-11D3-BF4B-00C04F79EFBC}") = "Domain.Test", "Domain.Test\Domain.Test.csproj", "{016F47D8-791A-485D-BB27-9A6ECDC5BA8A}"
EndProject
Project("{FAE04EC0-301F-11D3-BF4B-00C04F79EFBC}") = "Reports", "Reports\Reports.csproj", "{26A46235-7D12-4E99-AB3F-E02647BE03D5}"
EndProject
Project("{FAE04EC0-301F-11D3-BF4B-00C04F79EFBC}") = "Reports.Test", "Reports.Test\Reports.Test.csproj", "{3417C6E5-70B3-43F2-9023-1B7D59EB65C8}"
EndProject
Project("{FAE04EC0-301F-11D3-BF4B-00C04F79EFBC}") = "Utils.Test", "Utils.Test\Utils.Test.csproj", "{72BF6B2D-F915-4FE5-8933-587AC243028B}"
EndProject
Project("{FAE04EC0-301F-11D3-BF4B-00C04F79EFBC}") = "Gateway", "Gateway\Gateway.csproj", "{4E48E7A7-5F99-48BA-88C9-28B1F47E51C8}"
EndProject
Project("{FAE04EC0-301F-11D3-BF4B-00C04F79EFBC}") = "Services", "Service\Services.csproj", "{2490B897-97C8-4556-AFD6-F9F994D96295}"
EndProject
Project("{2150E333-8FDC-42A3-9474-1A3956D46DE8}") = ".nuget", ".nuget", "{3A2D53AF-928D-4A8F-8AE7-653923DFBE00}"
	ProjectSection(SolutionItems) = preProject
		.nuget\NuGet.Config = .nuget\NuGet.Config
		.nuget\NuGet.exe = .nuget\NuGet.exe
		.nuget\NuGet.targets = .nuget\NuGet.targets
	EndProjectSection
EndProject
Global
	GlobalSection(SolutionConfigurationPlatforms) = preSolution
		Debug|Any CPU = Debug|Any CPU
		Dev|Any CPU = Dev|Any CPU
		Prod|Any CPU = Prod|Any CPU
		Release|Any CPU = Release|Any CPU
		Uat|Any CPU = Uat|Any CPU
	EndGlobalSection
	GlobalSection(ProjectConfigurationPlatforms) = postSolution
		{0119B8ED-C67F-43D2-AB9A-573C702A3B2C}.Debug|Any CPU.ActiveCfg = Debug|Any CPU
		{0119B8ED-C67F-43D2-AB9A-573C702A3B2C}.Debug|Any CPU.Build.0 = Debug|Any CPU
		{0119B8ED-C67F-43D2-AB9A-573C702A3B2C}.Dev|Any CPU.ActiveCfg = Dev|Any CPU
		{0119B8ED-C67F-43D2-AB9A-573C702A3B2C}.Dev|Any CPU.Build.0 = Dev|Any CPU
		{0119B8ED-C67F-43D2-AB9A-573C702A3B2C}.Prod|Any CPU.ActiveCfg = Prod|Any CPU
		{0119B8ED-C67F-43D2-AB9A-573C702A3B2C}.Prod|Any CPU.Build.0 = Prod|Any CPU
		{0119B8ED-C67F-43D2-AB9A-573C702A3B2C}.Release|Any CPU.ActiveCfg = Release|Any CPU
		{0119B8ED-C67F-43D2-AB9A-573C702A3B2C}.Release|Any CPU.Build.0 = Release|Any CPU
		{0119B8ED-C67F-43D2-AB9A-573C702A3B2C}.Uat|Any CPU.ActiveCfg = Uat|Any CPU
		{0119B8ED-C67F-43D2-AB9A-573C702A3B2C}.Uat|Any CPU.Build.0 = Uat|Any CPU
		{979B765B-A355-4F81-936D-4F516297710E}.Debug|Any CPU.ActiveCfg = Debug|Any CPU
		{979B765B-A355-4F81-936D-4F516297710E}.Debug|Any CPU.Build.0 = Debug|Any CPU
		{979B765B-A355-4F81-936D-4F516297710E}.Dev|Any CPU.ActiveCfg = Dev|Any CPU
		{979B765B-A355-4F81-936D-4F516297710E}.Dev|Any CPU.Build.0 = Dev|Any CPU
		{979B765B-A355-4F81-936D-4F516297710E}.Prod|Any CPU.ActiveCfg = Prod|Any CPU
		{979B765B-A355-4F81-936D-4F516297710E}.Prod|Any CPU.Build.0 = Prod|Any CPU
		{979B765B-A355-4F81-936D-4F516297710E}.Release|Any CPU.ActiveCfg = Release|Any CPU
		{979B765B-A355-4F81-936D-4F516297710E}.Release|Any CPU.Build.0 = Release|Any CPU
		{979B765B-A355-4F81-936D-4F516297710E}.Uat|Any CPU.ActiveCfg = Uat|Any CPU
		{979B765B-A355-4F81-936D-4F516297710E}.Uat|Any CPU.Build.0 = Uat|Any CPU
		{A1654E57-228B-4539-B36F-11EB5B4011E6}.Debug|Any CPU.ActiveCfg = Debug|Any CPU
		{A1654E57-228B-4539-B36F-11EB5B4011E6}.Debug|Any CPU.Build.0 = Debug|Any CPU
		{A1654E57-228B-4539-B36F-11EB5B4011E6}.Dev|Any CPU.ActiveCfg = Dev|Any CPU
		{A1654E57-228B-4539-B36F-11EB5B4011E6}.Dev|Any CPU.Build.0 = Dev|Any CPU
		{A1654E57-228B-4539-B36F-11EB5B4011E6}.Prod|Any CPU.ActiveCfg = Prod|Any CPU
		{A1654E57-228B-4539-B36F-11EB5B4011E6}.Prod|Any CPU.Build.0 = Prod|Any CPU
		{A1654E57-228B-4539-B36F-11EB5B4011E6}.Release|Any CPU.ActiveCfg = Release|Any CPU
		{A1654E57-228B-4539-B36F-11EB5B4011E6}.Release|Any CPU.Build.0 = Release|Any CPU
		{A1654E57-228B-4539-B36F-11EB5B4011E6}.Uat|Any CPU.ActiveCfg = Uat|Any CPU
		{A1654E57-228B-4539-B36F-11EB5B4011E6}.Uat|Any CPU.Build.0 = Uat|Any CPU
		{5FA39174-05CE-4E82-920A-3CB83CDCD5CE}.Debug|Any CPU.ActiveCfg = Debug|Any CPU
		{5FA39174-05CE-4E82-920A-3CB83CDCD5CE}.Debug|Any CPU.Build.0 = Debug|Any CPU
		{5FA39174-05CE-4E82-920A-3CB83CDCD5CE}.Dev|Any CPU.ActiveCfg = Dev|Any CPU
		{5FA39174-05CE-4E82-920A-3CB83CDCD5CE}.Dev|Any CPU.Build.0 = Dev|Any CPU
		{5FA39174-05CE-4E82-920A-3CB83CDCD5CE}.Prod|Any CPU.ActiveCfg = Prod|Any CPU
		{5FA39174-05CE-4E82-920A-3CB83CDCD5CE}.Prod|Any CPU.Build.0 = Prod|Any CPU
		{5FA39174-05CE-4E82-920A-3CB83CDCD5CE}.Release|Any CPU.ActiveCfg = Release|Any CPU
		{5FA39174-05CE-4E82-920A-3CB83CDCD5CE}.Release|Any CPU.Build.0 = Release|Any CPU
		{5FA39174-05CE-4E82-920A-3CB83CDCD5CE}.Uat|Any CPU.ActiveCfg = Uat|Any CPU
		{5FA39174-05CE-4E82-920A-3CB83CDCD5CE}.Uat|Any CPU.Build.0 = Uat|Any CPU
		{2B9EE37B-A15C-4870-9F44-1AAA4E1398EC}.Debug|Any CPU.ActiveCfg = Debug|Any CPU
		{2B9EE37B-A15C-4870-9F44-1AAA4E1398EC}.Debug|Any CPU.Build.0 = Debug|Any CPU
		{2B9EE37B-A15C-4870-9F44-1AAA4E1398EC}.Dev|Any CPU.ActiveCfg = Dev|Any CPU
		{2B9EE37B-A15C-4870-9F44-1AAA4E1398EC}.Dev|Any CPU.Build.0 = Dev|Any CPU
		{2B9EE37B-A15C-4870-9F44-1AAA4E1398EC}.Prod|Any CPU.ActiveCfg = Prod|Any CPU
		{2B9EE37B-A15C-4870-9F44-1AAA4E1398EC}.Prod|Any CPU.Build.0 = Prod|Any CPU
		{2B9EE37B-A15C-4870-9F44-1AAA4E1398EC}.Release|Any CPU.ActiveCfg = Release|Any CPU
		{2B9EE37B-A15C-4870-9F44-1AAA4E1398EC}.Release|Any CPU.Build.0 = Release|Any CPU
		{2B9EE37B-A15C-4870-9F44-1AAA4E1398EC}.Uat|Any CPU.ActiveCfg = Uat|Any CPU
		{2B9EE37B-A15C-4870-9F44-1AAA4E1398EC}.Uat|Any CPU.Build.0 = Uat|Any CPU
		{2476696D-795F-4E77-B4EE-AADFD8E8E06E}.Debug|Any CPU.ActiveCfg = Debug|Any CPU
		{2476696D-795F-4E77-B4EE-AADFD8E8E06E}.Debug|Any CPU.Build.0 = Debug|Any CPU
		{2476696D-795F-4E77-B4EE-AADFD8E8E06E}.Dev|Any CPU.ActiveCfg = Dev|Any CPU
		{2476696D-795F-4E77-B4EE-AADFD8E8E06E}.Dev|Any CPU.Build.0 = Dev|Any CPU
		{2476696D-795F-4E77-B4EE-AADFD8E8E06E}.Prod|Any CPU.ActiveCfg = Prod|Any CPU
		{2476696D-795F-4E77-B4EE-AADFD8E8E06E}.Prod|Any CPU.Build.0 = Prod|Any CPU
		{2476696D-795F-4E77-B4EE-AADFD8E8E06E}.Release|Any CPU.ActiveCfg = Release|Any CPU
		{2476696D-795F-4E77-B4EE-AADFD8E8E06E}.Release|Any CPU.Build.0 = Release|Any CPU
		{2476696D-795F-4E77-B4EE-AADFD8E8E06E}.Uat|Any CPU.ActiveCfg = Uat|Any CPU
		{2476696D-795F-4E77-B4EE-AADFD8E8E06E}.Uat|Any CPU.Build.0 = Uat|Any CPU
		{20AA5C70-D2C7-4217-9B09-9400DB86CF82}.Debug|Any CPU.ActiveCfg = Debug|Any CPU
		{20AA5C70-D2C7-4217-9B09-9400DB86CF82}.Debug|Any CPU.Build.0 = Debug|Any CPU
		{20AA5C70-D2C7-4217-9B09-9400DB86CF82}.Dev|Any CPU.ActiveCfg = Dev|Any CPU
		{20AA5C70-D2C7-4217-9B09-9400DB86CF82}.Dev|Any CPU.Build.0 = Dev|Any CPU
		{20AA5C70-D2C7-4217-9B09-9400DB86CF82}.Prod|Any CPU.ActiveCfg = Prod|Any CPU
		{20AA5C70-D2C7-4217-9B09-9400DB86CF82}.Prod|Any CPU.Build.0 = Prod|Any CPU
		{20AA5C70-D2C7-4217-9B09-9400DB86CF82}.Release|Any CPU.ActiveCfg = Release|Any CPU
		{20AA5C70-D2C7-4217-9B09-9400DB86CF82}.Release|Any CPU.Build.0 = Release|Any CPU
		{20AA5C70-D2C7-4217-9B09-9400DB86CF82}.Uat|Any CPU.ActiveCfg = Uat|Any CPU
		{20AA5C70-D2C7-4217-9B09-9400DB86CF82}.Uat|Any CPU.Build.0 = Uat|Any CPU
		{016F47D8-791A-485D-BB27-9A6ECDC5BA8A}.Debug|Any CPU.ActiveCfg = Debug|Any CPU
		{016F47D8-791A-485D-BB27-9A6ECDC5BA8A}.Debug|Any CPU.Build.0 = Debug|Any CPU
		{016F47D8-791A-485D-BB27-9A6ECDC5BA8A}.Dev|Any CPU.ActiveCfg = Dev|Any CPU
		{016F47D8-791A-485D-BB27-9A6ECDC5BA8A}.Dev|Any CPU.Build.0 = Dev|Any CPU
		{016F47D8-791A-485D-BB27-9A6ECDC5BA8A}.Prod|Any CPU.ActiveCfg = Prod|Any CPU
		{016F47D8-791A-485D-BB27-9A6ECDC5BA8A}.Prod|Any CPU.Build.0 = Prod|Any CPU
		{016F47D8-791A-485D-BB27-9A6ECDC5BA8A}.Release|Any CPU.ActiveCfg = Release|Any CPU
		{016F47D8-791A-485D-BB27-9A6ECDC5BA8A}.Release|Any CPU.Build.0 = Release|Any CPU
		{016F47D8-791A-485D-BB27-9A6ECDC5BA8A}.Uat|Any CPU.ActiveCfg = Uat|Any CPU
		{016F47D8-791A-485D-BB27-9A6ECDC5BA8A}.Uat|Any CPU.Build.0 = Uat|Any CPU
		{26A46235-7D12-4E99-AB3F-E02647BE03D5}.Debug|Any CPU.ActiveCfg = Debug|Any CPU
		{26A46235-7D12-4E99-AB3F-E02647BE03D5}.Debug|Any CPU.Build.0 = Debug|Any CPU
		{26A46235-7D12-4E99-AB3F-E02647BE03D5}.Dev|Any CPU.ActiveCfg = Dev|Any CPU
		{26A46235-7D12-4E99-AB3F-E02647BE03D5}.Dev|Any CPU.Build.0 = Dev|Any CPU
		{26A46235-7D12-4E99-AB3F-E02647BE03D5}.Prod|Any CPU.ActiveCfg = Prod|Any CPU
		{26A46235-7D12-4E99-AB3F-E02647BE03D5}.Prod|Any CPU.Build.0 = Prod|Any CPU
		{26A46235-7D12-4E99-AB3F-E02647BE03D5}.Release|Any CPU.ActiveCfg = Release|Any CPU
		{26A46235-7D12-4E99-AB3F-E02647BE03D5}.Release|Any CPU.Build.0 = Release|Any CPU
		{26A46235-7D12-4E99-AB3F-E02647BE03D5}.Uat|Any CPU.ActiveCfg = Uat|Any CPU
		{26A46235-7D12-4E99-AB3F-E02647BE03D5}.Uat|Any CPU.Build.0 = Uat|Any CPU
		{3417C6E5-70B3-43F2-9023-1B7D59EB65C8}.Debug|Any CPU.ActiveCfg = Debug|Any CPU
		{3417C6E5-70B3-43F2-9023-1B7D59EB65C8}.Debug|Any CPU.Build.0 = Debug|Any CPU
		{3417C6E5-70B3-43F2-9023-1B7D59EB65C8}.Dev|Any CPU.ActiveCfg = Dev|Any CPU
		{3417C6E5-70B3-43F2-9023-1B7D59EB65C8}.Dev|Any CPU.Build.0 = Dev|Any CPU
		{3417C6E5-70B3-43F2-9023-1B7D59EB65C8}.Prod|Any CPU.ActiveCfg = Prod|Any CPU
		{3417C6E5-70B3-43F2-9023-1B7D59EB65C8}.Prod|Any CPU.Build.0 = Prod|Any CPU
		{3417C6E5-70B3-43F2-9023-1B7D59EB65C8}.Release|Any CPU.ActiveCfg = Release|Any CPU
		{3417C6E5-70B3-43F2-9023-1B7D59EB65C8}.Release|Any CPU.Build.0 = Release|Any CPU
		{3417C6E5-70B3-43F2-9023-1B7D59EB65C8}.Uat|Any CPU.ActiveCfg = Uat|Any CPU
		{3417C6E5-70B3-43F2-9023-1B7D59EB65C8}.Uat|Any CPU.Build.0 = Uat|Any CPU
		{72BF6B2D-F915-4FE5-8933-587AC243028B}.Debug|Any CPU.ActiveCfg = Debug|Any CPU
		{72BF6B2D-F915-4FE5-8933-587AC243028B}.Debug|Any CPU.Build.0 = Debug|Any CPU
		{72BF6B2D-F915-4FE5-8933-587AC243028B}.Dev|Any CPU.ActiveCfg = Dev|Any CPU
		{72BF6B2D-F915-4FE5-8933-587AC243028B}.Dev|Any CPU.Build.0 = Dev|Any CPU
		{72BF6B2D-F915-4FE5-8933-587AC243028B}.Prod|Any CPU.ActiveCfg = Prod|Any CPU
		{72BF6B2D-F915-4FE5-8933-587AC243028B}.Prod|Any CPU.Build.0 = Prod|Any CPU
		{72BF6B2D-F915-4FE5-8933-587AC243028B}.Release|Any CPU.ActiveCfg = Release|Any CPU
		{72BF6B2D-F915-4FE5-8933-587AC243028B}.Release|Any CPU.Build.0 = Release|Any CPU
		{72BF6B2D-F915-4FE5-8933-587AC243028B}.Uat|Any CPU.ActiveCfg = Uat|Any CPU
		{72BF6B2D-F915-4FE5-8933-587AC243028B}.Uat|Any CPU.Build.0 = Uat|Any CPU
		{4E48E7A7-5F99-48BA-88C9-28B1F47E51C8}.Debug|Any CPU.ActiveCfg = Dev|Any CPU
		{4E48E7A7-5F99-48BA-88C9-28B1F47E51C8}.Debug|Any CPU.Build.0 = Dev|Any CPU
		{4E48E7A7-5F99-48BA-88C9-28B1F47E51C8}.Dev|Any CPU.ActiveCfg = Debug|Any CPU
		{4E48E7A7-5F99-48BA-88C9-28B1F47E51C8}.Dev|Any CPU.Build.0 = Debug|Any CPU
		{4E48E7A7-5F99-48BA-88C9-28B1F47E51C8}.Prod|Any CPU.ActiveCfg = Prod|Any CPU
		{4E48E7A7-5F99-48BA-88C9-28B1F47E51C8}.Prod|Any CPU.Build.0 = Prod|Any CPU
		{4E48E7A7-5F99-48BA-88C9-28B1F47E51C8}.Release|Any CPU.ActiveCfg = Release|Any CPU
		{4E48E7A7-5F99-48BA-88C9-28B1F47E51C8}.Release|Any CPU.Build.0 = Release|Any CPU
		{4E48E7A7-5F99-48BA-88C9-28B1F47E51C8}.Uat|Any CPU.ActiveCfg = Uat|Any CPU
		{4E48E7A7-5F99-48BA-88C9-28B1F47E51C8}.Uat|Any CPU.Build.0 = Uat|Any CPU
		{2490B897-97C8-4556-AFD6-F9F994D96295}.Debug|Any CPU.ActiveCfg = Debug|Any CPU
		{2490B897-97C8-4556-AFD6-F9F994D96295}.Debug|Any CPU.Build.0 = Debug|Any CPU
		{2490B897-97C8-4556-AFD6-F9F994D96295}.Dev|Any CPU.ActiveCfg = Debug|Any CPU
		{2490B897-97C8-4556-AFD6-F9F994D96295}.Dev|Any CPU.Build.0 = Debug|Any CPU
		{2490B897-97C8-4556-AFD6-F9F994D96295}.Prod|Any CPU.ActiveCfg = Prod|Any CPU
		{2490B897-97C8-4556-AFD6-F9F994D96295}.Prod|Any CPU.Build.0 = Prod|Any CPU
		{2490B897-97C8-4556-AFD6-F9F994D96295}.Release|Any CPU.ActiveCfg = Release|Any CPU
		{2490B897-97C8-4556-AFD6-F9F994D96295}.Release|Any CPU.Build.0 = Release|Any CPU
		{2490B897-97C8-4556-AFD6-F9F994D96295}.Uat|Any CPU.ActiveCfg = Uat|Any CPU
		{2490B897-97C8-4556-AFD6-F9F994D96295}.Uat|Any CPU.Build.0 = Uat|Any CPU
	EndGlobalSection
	GlobalSection(SolutionProperties) = preSolution
		HideSolutionNode = FALSE
	EndGlobalSection
EndGlobal
